// !$*UTF8*$!
{
	archiveVersion = 1;
	classes = {
	};
	objectVersion = 50;
	objects = {

/* Begin PBXBuildFile section */
		3A39B27923E164290011BEA2 /* Main.storyboard in Resources */ = {isa = PBXBuildFile; fileRef = 3A39B27823E164290011BEA2 /* Main.storyboard */; };
		3A39B28223E166030011BEA2 /* SentMemeTableViewController.swift in Sources */ = {isa = PBXBuildFile; fileRef = 3A39B28123E166030011BEA2 /* SentMemeTableViewController.swift */; };
		3A39B28423E1672C0011BEA2 /* MemeTableViewCell.swift in Sources */ = {isa = PBXBuildFile; fileRef = 3A39B28323E1672C0011BEA2 /* MemeTableViewCell.swift */; };
		3A39B28623E167670011BEA2 /* MemeDetailVC.swift in Sources */ = {isa = PBXBuildFile; fileRef = 3A39B28523E167670011BEA2 /* MemeDetailVC.swift */; };
		3A39B28823E169E60011BEA2 /* SentMemesCollectionViewController.swift in Sources */ = {isa = PBXBuildFile; fileRef = 3A39B28723E169E60011BEA2 /* SentMemesCollectionViewController.swift */; };
		3A39B28C23E16A4B0011BEA2 /* MemeCollectionViewCell.swift in Sources */ = {isa = PBXBuildFile; fileRef = 3A39B28B23E16A4B0011BEA2 /* MemeCollectionViewCell.swift */; };
		3A43AB5423C43435002F8CF1 /* AppDelegate.swift in Sources */ = {isa = PBXBuildFile; fileRef = 3A43AB5323C43435002F8CF1 /* AppDelegate.swift */; };
		3A43AB5623C43435002F8CF1 /* SceneDelegate.swift in Sources */ = {isa = PBXBuildFile; fileRef = 3A43AB5523C43435002F8CF1 /* SceneDelegate.swift */; };
		3A43AB5823C43435002F8CF1 /* MemeEditorViewController.swift in Sources */ = {isa = PBXBuildFile; fileRef = 3A43AB5723C43435002F8CF1 /* MemeEditorViewController.swift */; };
		3A43AB5D23C43437002F8CF1 /* Assets.xcassets in Resources */ = {isa = PBXBuildFile; fileRef = 3A43AB5C23C43437002F8CF1 /* Assets.xcassets */; };
		3A43AB6023C43437002F8CF1 /* LaunchScreen.storyboard in Resources */ = {isa = PBXBuildFile; fileRef = 3A43AB5E23C43437002F8CF1 /* LaunchScreen.storyboard */; };
		3A9B65F423C6997C006AE599 /* TextDelegate.swift in Sources */ = {isa = PBXBuildFile; fileRef = 3A9B65F323C6997C006AE599 /* TextDelegate.swift */; };
		3A9B65F623C6B969006AE599 /* Meme.swift in Sources */ = {isa = PBXBuildFile; fileRef = 3A9B65F523C6B969006AE599 /* Meme.swift */; };
/* End PBXBuildFile section */

/* Begin PBXFileReference section */
		3A39B27823E164290011BEA2 /* Main.storyboard */ = {isa = PBXFileReference; fileEncoding = 4; lastKnownFileType = file.storyboard; path = Main.storyboard; sourceTree = "<group>"; };
		3A39B28123E166030011BEA2 /* SentMemeTableViewController.swift */ = {isa = PBXFileReference; lastKnownFileType = sourcecode.swift; path = SentMemeTableViewController.swift; sourceTree = "<group>"; };
		3A39B28323E1672C0011BEA2 /* MemeTableViewCell.swift */ = {isa = PBXFileReference; lastKnownFileType = sourcecode.swift; path = MemeTableViewCell.swift; sourceTree = "<group>"; };
		3A39B28523E167670011BEA2 /* MemeDetailVC.swift */ = {isa = PBXFileReference; lastKnownFileType = sourcecode.swift; path = MemeDetailVC.swift; sourceTree = "<group>"; };
		3A39B28723E169E60011BEA2 /* SentMemesCollectionViewController.swift */ = {isa = PBXFileReference; lastKnownFileType = sourcecode.swift; path = SentMemesCollectionViewController.swift; sourceTree = "<group>"; };
		3A39B28B23E16A4B0011BEA2 /* MemeCollectionViewCell.swift */ = {isa = PBXFileReference; lastKnownFileType = sourcecode.swift; path = MemeCollectionViewCell.swift; sourceTree = "<group>"; };
		3A43AB5023C43435002F8CF1 /* Meme Me.app */ = {isa = PBXFileReference; explicitFileType = wrapper.application; includeInIndex = 0; path = "Meme Me.app"; sourceTree = BUILT_PRODUCTS_DIR; };
		3A43AB5323C43435002F8CF1 /* AppDelegate.swift */ = {isa = PBXFileReference; lastKnownFileType = sourcecode.swift; path = AppDelegate.swift; sourceTree = "<group>"; };
		3A43AB5523C43435002F8CF1 /* SceneDelegate.swift */ = {isa = PBXFileReference; lastKnownFileType = sourcecode.swift; path = SceneDelegate.swift; sourceTree = "<group>"; };
		3A43AB5723C43435002F8CF1 /* MemeEditorViewController.swift */ = {isa = PBXFileReference; lastKnownFileType = sourcecode.swift; path = MemeEditorViewController.swift; sourceTree = "<group>"; };
		3A43AB5C23C43437002F8CF1 /* Assets.xcassets */ = {isa = PBXFileReference; lastKnownFileType = folder.assetcatalog; path = Assets.xcassets; sourceTree = "<group>"; };
		3A43AB5F23C43437002F8CF1 /* Base */ = {isa = PBXFileReference; lastKnownFileType = file.storyboard; name = Base; path = Base.lproj/LaunchScreen.storyboard; sourceTree = "<group>"; };
		3A43AB6123C43437002F8CF1 /* Info.plist */ = {isa = PBXFileReference; lastKnownFileType = text.plist.xml; path = Info.plist; sourceTree = "<group>"; };
		3A9B65F323C6997C006AE599 /* TextDelegate.swift */ = {isa = PBXFileReference; lastKnownFileType = sourcecode.swift; path = TextDelegate.swift; sourceTree = "<group>"; };
		3A9B65F523C6B969006AE599 /* Meme.swift */ = {isa = PBXFileReference; lastKnownFileType = sourcecode.swift; path = Meme.swift; sourceTree = "<group>"; };
/* End PBXFileReference section */

/* Begin PBXFrameworksBuildPhase section */
		3A43AB4D23C43435002F8CF1 /* Frameworks */ = {
			isa = PBXFrameworksBuildPhase;
			buildActionMask = 2147483647;
			files = (
			);
			runOnlyForDeploymentPostprocessing = 0;
		};
/* End PBXFrameworksBuildPhase section */

/* Begin PBXGroup section */
		3A39B27D23E164DA0011BEA2 /* Model */ = {
			isa = PBXGroup;
			children = (
				3A9B65F523C6B969006AE599 /* Meme.swift */,
				3A9B65F323C6997C006AE599 /* TextDelegate.swift */,
				3A39B28323E1672C0011BEA2 /* MemeTableViewCell.swift */,
				3A39B28523E167670011BEA2 /* MemeDetailVC.swift */,
				3A39B28B23E16A4B0011BEA2 /* MemeCollectionViewCell.swift */,
			);
			path = Model;
			sourceTree = "<group>";
		};
		3A39B27E23E164E60011BEA2 /* View */ = {
			isa = PBXGroup;
			children = (
				3A39B27823E164290011BEA2 /* Main.storyboard */,
			);
			path = View;
			sourceTree = "<group>";
		};
		3A39B27F23E164FE0011BEA2 /* Controller */ = {
			isa = PBXGroup;
			children = (
				3A43AB5723C43435002F8CF1 /* MemeEditorViewController.swift */,
				3A39B28123E166030011BEA2 /* SentMemeTableViewController.swift */,
				3A39B28723E169E60011BEA2 /* SentMemesCollectionViewController.swift */,
			);
			path = Controller;
			sourceTree = "<group>";
		};
		3A39B28023E165340011BEA2 /* Resources */ = {
			isa = PBXGroup;
			children = (
				3A43AB5323C43435002F8CF1 /* AppDelegate.swift */,
				3A43AB5523C43435002F8CF1 /* SceneDelegate.swift */,
				3A43AB5C23C43437002F8CF1 /* Assets.xcassets */,
				3A43AB5E23C43437002F8CF1 /* LaunchScreen.storyboard */,
			);
			path = Resources;
			sourceTree = "<group>";
		};
		3A43AB4723C43435002F8CF1 = {
			isa = PBXGroup;
			children = (
				3A43AB5223C43435002F8CF1 /* Meme Me */,
				3A43AB5123C43435002F8CF1 /* Products */,
			);
			sourceTree = "<group>";
		};
		3A43AB5123C43435002F8CF1 /* Products */ = {
			isa = PBXGroup;
			children = (
				3A43AB5023C43435002F8CF1 /* Meme Me.app */,
			);
			name = Products;
			sourceTree = "<group>";
		};
		3A43AB5223C43435002F8CF1 /* Meme Me */ = {
			isa = PBXGroup;
			children = (
				3A39B27F23E164FE0011BEA2 /* Controller */,
				3A39B27D23E164DA0011BEA2 /* Model */,
				3A39B27E23E164E60011BEA2 /* View */,
				3A39B28023E165340011BEA2 /* Resources */,
				3A43AB6123C43437002F8CF1 /* Info.plist */,
			);
			path = "Meme Me";
			sourceTree = "<group>";
		};
/* End PBXGroup section */

/* Begin PBXNativeTarget section */
		3A43AB4F23C43435002F8CF1 /* Meme Me */ = {
			isa = PBXNativeTarget;
			buildConfigurationList = 3A43AB6423C43437002F8CF1 /* Build configuration list for PBXNativeTarget "Meme Me" */;
			buildPhases = (
				3A43AB4C23C43435002F8CF1 /* Sources */,
				3A43AB4D23C43435002F8CF1 /* Frameworks */,
				3A43AB4E23C43435002F8CF1 /* Resources */,
			);
			buildRules = (
			);
			dependencies = (
			);
			name = "Meme Me";
			productName = "Meme Me";
			productReference = 3A43AB5023C43435002F8CF1 /* Meme Me.app */;
			productType = "com.apple.product-type.application";
		};
/* End PBXNativeTarget section */

/* Begin PBXProject section */
		3A43AB4823C43435002F8CF1 /* Project object */ = {
			isa = PBXProject;
			attributes = {
				LastSwiftUpdateCheck = 1130;
				LastUpgradeCheck = 1130;
				ORGANIZATIONNAME = thecoderpilot;
				TargetAttributes = {
					3A43AB4F23C43435002F8CF1 = {
						CreatedOnToolsVersion = 11.3;
					};
				};
			};
			buildConfigurationList = 3A43AB4B23C43435002F8CF1 /* Build configuration list for PBXProject "Meme Me" */;
			compatibilityVersion = "Xcode 9.3";
			developmentRegion = en;
			hasScannedForEncodings = 0;
			knownRegions = (
				en,
				Base,
			);
			mainGroup = 3A43AB4723C43435002F8CF1;
			productRefGroup = 3A43AB5123C43435002F8CF1 /* Products */;
			projectDirPath = "";
			projectRoot = "";
			targets = (
				3A43AB4F23C43435002F8CF1 /* Meme Me */,
			);
		};
/* End PBXProject section */

/* Begin PBXResourcesBuildPhase section */
		3A43AB4E23C43435002F8CF1 /* Resources */ = {
			isa = PBXResourcesBuildPhase;
			buildActionMask = 2147483647;
			files = (
				3A43AB6023C43437002F8CF1 /* LaunchScreen.storyboard in Resources */,
				3A43AB5D23C43437002F8CF1 /* Assets.xcassets in Resources */,
				3A39B27923E164290011BEA2 /* Main.storyboard in Resources */,
			);
			runOnlyForDeploymentPostprocessing = 0;
		};
/* End PBXResourcesBuildPhase section */

/* Begin PBXSourcesBuildPhase section */
		3A43AB4C23C43435002F8CF1 /* Sources */ = {
			isa = PBXSourcesBuildPhase;
			buildActionMask = 2147483647;
			files = (
				3A39B28C23E16A4B0011BEA2 /* MemeCollectionViewCell.swift in Sources */,
				3A43AB5823C43435002F8CF1 /* MemeEditorViewController.swift in Sources */,
				3A9B65F423C6997C006AE599 /* TextDelegate.swift in Sources */,
				3A43AB5423C43435002F8CF1 /* AppDelegate.swift in Sources */,
				3A43AB5623C43435002F8CF1 /* SceneDelegate.swift in Sources */,
				3A39B28423E1672C0011BEA2 /* MemeTableViewCell.swift in Sources */,
				3A39B28823E169E60011BEA2 /* SentMemesCollectionViewController.swift in Sources */,
				3A39B28623E167670011BEA2 /* MemeDetailVC.swift in Sources */,
				3A9B65F623C6B969006AE599 /* Meme.swift in Sources */,
				3A39B28223E166030011BEA2 /* SentMemeTableViewController.swift in Sources */,
			);
			runOnlyForDeploymentPostprocessing = 0;
		};
/* End PBXSourcesBuildPhase section */

/* Begin PBXVariantGroup section */
		3A43AB5E23C43437002F8CF1 /* LaunchScreen.storyboard */ = {
			isa = PBXVariantGroup;
			children = (
				3A43AB5F23C43437002F8CF1 /* Base */,
			);
			name = LaunchScreen.storyboard;
			sourceTree = "<group>";
		};
/* End PBXVariantGroup section */

/* Begin XCBuildConfiguration section */
		3A43AB6223C43437002F8CF1 /* Debug */ = {
			isa = XCBuildConfiguration;
			buildSettings = {
				ALWAYS_SEARCH_USER_PATHS = NO;
				CLANG_ANALYZER_NONNULL = YES;
				CLANG_ANALYZER_NUMBER_OBJECT_CONVERSION = YES_AGGRESSIVE;
				CLANG_CXX_LANGUAGE_STANDARD = "gnu++14";
				CLANG_CXX_LIBRARY = "libc++";
				CLANG_ENABLE_MODULES = YES;
				CLANG_ENABLE_OBJC_ARC = YES;
				CLANG_ENABLE_OBJC_WEAK = YES;
				CLANG_WARN_BLOCK_CAPTURE_AUTORELEASING = YES;
				CLANG_WARN_BOOL_CONVERSION = YES;
				CLANG_WARN_COMMA = YES;
				CLANG_WARN_CONSTANT_CONVERSION = YES;
				CLANG_WARN_DEPRECATED_OBJC_IMPLEMENTATIONS = YES;
				CLANG_WARN_DIRECT_OBJC_ISA_USAGE = YES_ERROR;
				CLANG_WARN_DOCUMENTATION_COMMENTS = YES;
				CLANG_WARN_EMPTY_BODY = YES;
				CLANG_WARN_ENUM_CONVERSION = YES;
				CLANG_WARN_INFINITE_RECURSION = YES;
				CLANG_WARN_INT_CONVERSION = YES;
				CLANG_WARN_NON_LITERAL_NULL_CONVERSION = YES;
				CLANG_WARN_OBJC_IMPLICIT_RETAIN_SELF = YES;
				CLANG_WARN_OBJC_LITERAL_CONVERSION = YES;
				CLANG_WARN_OBJC_ROOT_CLASS = YES_ERROR;
				CLANG_WARN_RANGE_LOOP_ANALYSIS = YES;
				CLANG_WARN_STRICT_PROTOTYPES = YES;
				CLANG_WARN_SUSPICIOUS_MOVE = YES;
				CLANG_WARN_UNGUARDED_AVAILABILITY = YES_AGGRESSIVE;
				CLANG_WARN_UNREACHABLE_CODE = YES;
				CLANG_WARN__DUPLICATE_METHOD_MATCH = YES;
				COPY_PHASE_STRIP = NO;
				DEBUG_INFORMATION_FORMAT = dwarf;
				ENABLE_STRICT_OBJC_MSGSEND = YES;
				ENABLE_TESTABILITY = YES;
				GCC_C_LANGUAGE_STANDARD = gnu11;
				GCC_DYNAMIC_NO_PIC = NO;
				GCC_NO_COMMON_BLOCKS = YES;
				GCC_OPTIMIZATION_LEVEL = 0;
				GCC_PREPROCESSOR_DEFINITIONS = (
					"DEBUG=1",
					"$(inherited)",
				);
				GCC_WARN_64_TO_32_BIT_CONVERSION = YES;
				GCC_WARN_ABOUT_RETURN_TYPE = YES_ERROR;
				GCC_WARN_UNDECLARED_SELECTOR = YES;
				GCC_WARN_UNINITIALIZED_AUTOS = YES_AGGRESSIVE;
				GCC_WARN_UNUSED_FUNCTION = YES;
				GCC_WARN_UNUSED_VARIABLE = YES;
				IPHONEOS_DEPLOYMENT_TARGET = 13.2;
				MTL_ENABLE_DEBUG_INFO = INCLUDE_SOURCE;
				MTL_FAST_MATH = YES;
				ONLY_ACTIVE_ARCH = YES;
				SDKROOT = iphoneos;
				SWIFT_ACTIVE_COMPILATION_CONDITIONS = DEBUG;
				SWIFT_OPTIMIZATION_LEVEL = "-Onone";
			};
			name = Debug;
		};
		3A43AB6323C43437002F8CF1 /* Release */ = {
			isa = XCBuildConfiguration;
			buildSettings = {
				ALWAYS_SEARCH_USER_PATHS = NO;
				CLANG_ANALYZER_NONNULL = YES;
				CLANG_ANALYZER_NUMBER_OBJECT_CONVERSION = YES_AGGRESSIVE;
				CLANG_CXX_LANGUAGE_STANDARD = "gnu++14";
				CLANG_CXX_LIBRARY = "libc++";
				CLANG_ENABLE_MODULES = YES;
				CLANG_ENABLE_OBJC_ARC = YES;
				CLANG_ENABLE_OBJC_WEAK = YES;
				CLANG_WARN_BLOCK_CAPTURE_AUTORELEASING = YES;
				CLANG_WARN_BOOL_CONVERSION = YES;
				CLANG_WARN_COMMA = YES;
				CLANG_WARN_CONSTANT_CONVERSION = YES;
				CLANG_WARN_DEPRECATED_OBJC_IMPLEMENTATIONS = YES;
				CLANG_WARN_DIRECT_OBJC_ISA_USAGE = YES_ERROR;
				CLANG_WARN_DOCUMENTATION_COMMENTS = YES;
				CLANG_WARN_EMPTY_BODY = YES;
				CLANG_WARN_ENUM_CONVERSION = YES;
				CLANG_WARN_INFINITE_RECURSION = YES;
				CLANG_WARN_INT_CONVERSION = YES;
				CLANG_WARN_NON_LITERAL_NULL_CONVERSION = YES;
				CLANG_WARN_OBJC_IMPLICIT_RETAIN_SELF = YES;
				CLANG_WARN_OBJC_LITERAL_CONVERSION = YES;
				CLANG_WARN_OBJC_ROOT_CLASS = YES_ERROR;
				CLANG_WARN_RANGE_LOOP_ANALYSIS = YES;
				CLANG_WARN_STRICT_PROTOTYPES = YES;
				CLANG_WARN_SUSPICIOUS_MOVE = YES;
				CLANG_WARN_UNGUARDED_AVAILABILITY = YES_AGGRESSIVE;
				CLANG_WARN_UNREACHABLE_CODE = YES;
				CLANG_WARN__DUPLICATE_METHOD_MATCH = YES;
				COPY_PHASE_STRIP = NO;
				DEBUG_INFORMATION_FORMAT = "dwarf-with-dsym";
				ENABLE_NS_ASSERTIONS = NO;
				ENABLE_STRICT_OBJC_MSGSEND = YES;
				GCC_C_LANGUAGE_STANDARD = gnu11;
				GCC_NO_COMMON_BLOCKS = YES;
				GCC_WARN_64_TO_32_BIT_CONVERSION = YES;
				GCC_WARN_ABOUT_RETURN_TYPE = YES_ERROR;
				GCC_WARN_UNDECLARED_SELECTOR = YES;
				GCC_WARN_UNINITIALIZED_AUTOS = YES_AGGRESSIVE;
				GCC_WARN_UNUSED_FUNCTION = YES;
				GCC_WARN_UNUSED_VARIABLE = YES;
				IPHONEOS_DEPLOYMENT_TARGET = 13.2;
				MTL_ENABLE_DEBUG_INFO = NO;
				MTL_FAST_MATH = YES;
				SDKROOT = iphoneos;
				SWIFT_COMPILATION_MODE = wholemodule;
				SWIFT_OPTIMIZATION_LEVEL = "-O";
				VALIDATE_PRODUCT = YES;
			};
			name = Release;
		};
		3A43AB6523C43437002F8CF1 /* Debug */ = {
			isa = XCBuildConfiguration;
			buildSettings = {
				ASSETCATALOG_COMPILER_APPICON_NAME = AppIcon;
				CODE_SIGN_STYLE = Automatic;
				DEVELOPMENT_TEAM = MMSJ2DXRDG;
				INFOPLIST_FILE = "Meme Me/Info.plist";
				LD_RUNPATH_SEARCH_PATHS = (
					"$(inherited)",
					"@executable_path/Frameworks",
				);
				PRODUCT_BUNDLE_IDENTIFIER = "com.thecoderpilot.Meme-Me";
				PRODUCT_NAME = "$(TARGET_NAME)";
				SWIFT_VERSION = 5.0;
				TARGETED_DEVICE_FAMILY = "1,2";
			};
			name = Debug;
		};
		3A43AB6623C43437002F8CF1 /* Release */ = {
			isa = XCBuildConfiguration;
			buildSettings = {
				ASSETCATALOG_COMPILER_APPICON_NAME = AppIcon;
				CODE_SIGN_STYLE = Automatic;
				DEVELOPMENT_TEAM = MMSJ2DXRDG;
				INFOPLIST_FILE = "Meme Me/Info.plist";
				LD_RUNPATH_SEARCH_PATHS = (
					"$(inherited)",
					"@executable_path/Frameworks",
				);
				PRODUCT_BUNDLE_IDENTIFIER = "com.thecoderpilot.Meme-Me";
				PRODUCT_NAME = "$(TARGET_NAME)";
				SWIFT_VERSION = 5.0;
				TARGETED_DEVICE_FAMILY = "1,2";
			};
			name = Release;
		};
/* End XCBuildConfiguration section */

/* Begin XCConfigurationList section */
		3A43AB4B23C43435002F8CF1 /* Build configuration list for PBXProject "Meme Me" */ = {
			isa = XCConfigurationList;
			buildConfigurations = (
				3A43AB6223C43437002F8CF1 /* Debug */,
				3A43AB6323C43437002F8CF1 /* Release */,
			);
			defaultConfigurationIsVisible = 0;
			defaultConfigurationName = Release;
		};
		3A43AB6423C43437002F8CF1 /* Build configuration list for PBXNativeTarget "Meme Me" */ = {
			isa = XCConfigurationList;
			buildConfigurations = (
				3A43AB6523C43437002F8CF1 /* Debug */,
				3A43AB6623C43437002F8CF1 /* Release */,
			);
			defaultConfigurationIsVisible = 0;
			defaultConfigurationName = Release;
		};
/* End XCConfigurationList section */
	};
	rootObject = 3A43AB4823C43435002F8CF1 /* Project object */;
}
